
Microsoft Visual Studio Solution File, Format Version 12.00
# Visual Studio 2013
VisualStudioVersion = 12.0.31101.0
MinimumVisualStudioVersion = 10.0.40219.1
Project("{FAE04EC0-301F-11D3-BF4B-00C04F79EFBC}") = "HNNDB09_DOME.WEB", "HNNDB09_DOME.WEB\HNNDB09_DOME.WEB.csproj", "{5365D865-564D-4A1C-8DDD-94090DF85627}"
EndProject
Project("{FAE04EC0-301F-11D3-BF4B-00C04F79EFBC}") = "HNNDB09_DOME.DAL", "..\HNNDB09_DOME.DAL\HNNDB09_DOME.DAL.csproj", "{A06E6BF2-16AB-4FDE-B592-5FFA574F1D61}"
EndProject
Project("{FAE04EC0-301F-11D3-BF4B-00C04F79EFBC}") = "HNNDB09_DOME.BLL", "..\HNNDB09_DOME.BLL\HNNDB09_DOME.BLL.csproj", "{6AE1B04E-7230-442C-B065-EB1F59256CB4}"
EndProject
Project("{FAE04EC0-301F-11D3-BF4B-00C04F79EFBC}") = "HNNDB09_DOME.MODEL", "..\HNNDB09_DOME.MODEL\HNNDB09_DOME.MODEL.csproj", "{7AA17E9A-1610-4FC3-A95B-49347B1B3B78}"
EndProject
Project("{FAE04EC0-301F-11D3-BF4B-00C04F79EFBC}") = "HNNDB09_DOME.COMMON", "..\HNNDB09_DOME.COMMON\HNNDB09_DOME.COMMON.csproj", "{759567E2-92A9-48D9-B4D7-5B83F3206314}"
EndProject
Global
	GlobalSection(SolutionConfigurationPlatforms) = preSolution
		Debug|Any CPU = Debug|Any CPU
		Release|Any CPU = Release|Any CPU
	EndGlobalSection
	GlobalSection(ProjectConfigurationPlatforms) = postSolution
		{5365D865-564D-4A1C-8DDD-94090DF85627}.Debug|Any CPU.ActiveCfg = Debug|Any CPU
		{5365D865-564D-4A1C-8DDD-94090DF85627}.Debug|Any CPU.Build.0 = Debug|Any CPU
		{5365D865-564D-4A1C-8DDD-94090DF85627}.Release|Any CPU.ActiveCfg = Release|Any CPU
		{5365D865-564D-4A1C-8DDD-94090DF85627}.Release|Any CPU.Build.0 = Release|Any CPU
		{A06E6BF2-16AB-4FDE-B592-5FFA574F1D61}.Debug|Any CPU.ActiveCfg = Debug|Any CPU
		{A06E6BF2-16AB-4FDE-B592-5FFA574F1D61}.Debug|Any CPU.Build.0 = Debug|Any CPU
		{A06E6BF2-16AB-4FDE-B592-5FFA574F1D61}.Release|Any CPU.ActiveCfg = Release|Any CPU
		{A06E6BF2-16AB-4FDE-B592-5FFA574F1D61}.Release|Any CPU.Build.0 = Release|Any CPU
		{6AE1B04E-7230-442C-B065-EB1F59256CB4}.Debug|Any CPU.ActiveCfg = Debug|Any CPU
		{6AE1B04E-7230-442C-B065-EB1F59256CB4}.Debug|Any CPU.Build.0 = Debug|Any CPU
		{6AE1B04E-7230-442C-B065-EB1F59256CB4}.Release|Any CPU.ActiveCfg = Release|Any CPU
		{6AE1B04E-7230-442C-B065-EB1F59256CB4}.Release|Any CPU.Build.0 = Release|Any CPU
		{7AA17E9A-1610-4FC3-A95B-49347B1B3B78}.Debug|Any CPU.ActiveCfg = Debug|Any CPU
		{7AA17E9A-1610-4FC3-A95B-49347B1B3B78}.Debug|Any CPU.Build.0 = Debug|Any CPU
		{7AA17E9A-1610-4FC3-A95B-49347B1B3B78}.Release|Any CPU.ActiveCfg = Release|Any CPU
		{7AA17E9A-1610-4FC3-A95B-49347B1B3B78}.Release|Any CPU.Build.0 = Release|Any CPU
		{759567E2-92A9-48D9-B4D7-5B83F3206314}.Debug|Any CPU.ActiveCfg = Debug|Any CPU
		{759567E2-92A9-48D9-B4D7-5B83F3206314}.Debug|Any CPU.Build.0 = Debug|Any CPU
		{759567E2-92A9-48D9-B4D7-5B83F3206314}.Release|Any CPU.ActiveCfg = Release|Any CPU
		{759567E2-92A9-48D9-B4D7-5B83F3206314}.Release|Any CPU.Build.0 = Release|Any CPU
	EndGlobalSection
	GlobalSection(SolutionProperties) = preSolution
		HideSolutionNode = FALSE
	EndGlobalSection
EndGlobal
